
Microsoft Visual Studio Solution File, Format Version 12.00
# Visual Studio Version 16
VisualStudioVersion = 16.0.30523.141
MinimumVisualStudioVersion = 10.0.40219.1
Project("{FAE04EC0-301F-11D3-BF4B-00C04F79EFBC}") = "App4.UWP", "App4\App4.UWP\App4.UWP.csproj", "{06F74FFA-E389-43C0-BEF0-274E5D1F64AD}"
EndProject
Project("{FAE04EC0-301F-11D3-BF4B-00C04F79EFBC}") = "App4.Android", "App4\App4.Android\App4.Android.csproj", "{C249BD8F-CB57-4902-887D-D4ECD506206E}"
EndProject
Project("{FAE04EC0-301F-11D3-BF4B-00C04F79EFBC}") = "App4.iOS", "App4\App4.iOS\App4.iOS.csproj", "{738644E1-108B-459A-BF93-9373EE84618D}"
EndProject
Project("{9A19103F-16F7-4668-BE54-9A1E7A4F7556}") = "App4", "App4\App4\App4.csproj", "{826FD27C-64BB-498C-8DE4-E84B59F7C444}"
EndProject
Global
	GlobalSection(SolutionConfigurationPlatforms) = preSolution
		Debug|Any CPU = Debug|Any CPU
		Debug|ARM = Debug|ARM
		Debug|iPhone = Debug|iPhone
		Debug|iPhoneSimulator = Debug|iPhoneSimulator
		Debug|x64 = Debug|x64
		Debug|x86 = Debug|x86
		Release|Any CPU = Release|Any CPU
		Release|ARM = Release|ARM
		Release|iPhone = Release|iPhone
		Release|iPhoneSimulator = Release|iPhoneSimulator
		Release|x64 = Release|x64
		Release|x86 = Release|x86
	EndGlobalSection
	GlobalSection(ProjectConfigurationPlatforms) = postSolution
		{06F74FFA-E389-43C0-BEF0-274E5D1F64AD}.Debug|Any CPU.ActiveCfg = Debug|x86
		{06F74FFA-E389-43C0-BEF0-274E5D1F64AD}.Debug|ARM.ActiveCfg = Debug|ARM
		{06F74FFA-E389-43C0-BEF0-274E5D1F64AD}.Debug|ARM.Build.0 = Debug|ARM
		{06F74FFA-E389-43C0-BEF0-274E5D1F64AD}.Debug|ARM.Deploy.0 = Debug|ARM
		{06F74FFA-E389-43C0-BEF0-274E5D1F64AD}.Debug|iPhone.ActiveCfg = Debug|x86
		{06F74FFA-E389-43C0-BEF0-274E5D1F64AD}.Debug|iPhoneSimulator.ActiveCfg = Debug|x86
		{06F74FFA-E389-43C0-BEF0-274E5D1F64AD}.Debug|x64.ActiveCfg = Debug|x64
		{06F74FFA-E389-43C0-BEF0-274E5D1F64AD}.Debug|x64.Build.0 = Debug|x64
		{06F74FFA-E389-43C0-BEF0-274E5D1F64AD}.Debug|x64.Deploy.0 = Debug|x64
		{06F74FFA-E389-43C0-BEF0-274E5D1F64AD}.Debug|x86.ActiveCfg = Debug|x86
		{06F74FFA-E389-43C0-BEF0-274E5D1F64AD}.Debug|x86.Build.0 = Debug|x86
		{06F74FFA-E389-43C0-BEF0-274E5D1F64AD}.Debug|x86.Deploy.0 = Debug|x86
		{06F74FFA-E389-43C0-BEF0-274E5D1F64AD}.Release|Any CPU.ActiveCfg = Release|x86
		{06F74FFA-E389-43C0-BEF0-274E5D1F64AD}.Release|ARM.ActiveCfg = Release|ARM
		{06F74FFA-E389-43C0-BEF0-274E5D1F64AD}.Release|ARM.Build.0 = Release|ARM
		{06F74FFA-E389-43C0-BEF0-274E5D1F64AD}.Release|ARM.Deploy.0 = Release|ARM
		{06F74FFA-E389-43C0-BEF0-274E5D1F64AD}.Release|iPhone.ActiveCfg = Release|x86
		{06F74FFA-E389-43C0-BEF0-274E5D1F64AD}.Release|iPhoneSimulator.ActiveCfg = Release|x86
		{06F74FFA-E389-43C0-BEF0-274E5D1F64AD}.Release|x64.ActiveCfg = Release|x64
		{06F74FFA-E389-43C0-BEF0-274E5D1F64AD}.Release|x64.Build.0 = Release|x64
		{06F74FFA-E389-43C0-BEF0-274E5D1F64AD}.Release|x64.Deploy.0 = Release|x64
		{06F74FFA-E389-43C0-BEF0-274E5D1F64AD}.Release|x86.ActiveCfg = Release|x86
		{06F74FFA-E389-43C0-BEF0-274E5D1F64AD}.Release|x86.Build.0 = Release|x86
		{06F74FFA-E389-43C0-BEF0-274E5D1F64AD}.Release|x86.Deploy.0 = Release|x86
		{C249BD8F-CB57-4902-887D-D4ECD506206E}.Debug|Any CPU.ActiveCfg = Debug|Any CPU
		{C249BD8F-CB57-4902-887D-D4ECD506206E}.Debug|Any CPU.Build.0 = Debug|Any CPU
		{C249BD8F-CB57-4902-887D-D4ECD506206E}.Debug|Any CPU.Deploy.0 = Debug|Any CPU
		{C249BD8F-CB57-4902-887D-D4ECD506206E}.Debug|ARM.ActiveCfg = Debug|Any CPU
		{C249BD8F-CB57-4902-887D-D4ECD506206E}.Debug|ARM.Build.0 = Debug|Any CPU
		{C249BD8F-CB57-4902-887D-D4ECD506206E}.Debug|ARM.Deploy.0 = Debug|Any CPU
		{C249BD8F-CB57-4902-887D-D4ECD506206E}.Debug|iPhone.ActiveCfg = Debug|Any CPU
		{C249BD8F-CB57-4902-887D-D4ECD506206E}.Debug|iPhone.Build.0 = Debug|Any CPU
		{C249BD8F-CB57-4902-887D-D4ECD506206E}.Debug|iPhone.Deploy.0 = Debug|Any CPU
		{C249BD8F-CB57-4902-887D-D4ECD506206E}.Debug|iPhoneSimulator.ActiveCfg = Debug|Any CPU
		{C249BD8F-CB57-4902-887D-D4ECD506206E}.Debug|iPhoneSimulator.Build.0 = Debug|Any CPU
		{C249BD8F-CB57-4902-887D-D4ECD506206E}.Debug|iPhoneSimulator.Deploy.0 = Debug|Any CPU
		{C249BD8F-CB57-4902-887D-D4ECD506206E}.Debug|x64.ActiveCfg = Debug|Any CPU
		{C249BD8F-CB57-4902-887D-D4ECD506206E}.Debug|x64.Build.0 = Debug|Any CPU
		{C249BD8F-CB57-4902-887D-D4ECD506206E}.Debug|x64.Deploy.0 = Debug|Any CPU
		{C249BD8F-CB57-4902-887D-D4ECD506206E}.Debug|x86.ActiveCfg = Debug|Any CPU
		{C249BD8F-CB57-4902-887D-D4ECD506206E}.Debug|x86.Build.0 = Debug|Any CPU
		{C249BD8F-CB57-4902-887D-D4ECD506206E}.Debug|x86.Deploy.0 = Debug|Any CPU
		{C249BD8F-CB57-4902-887D-D4ECD506206E}.Release|Any CPU.ActiveCfg = Release|Any CPU
		{C249BD8F-CB57-4902-887D-D4ECD506206E}.Release|Any CPU.Build.0 = Release|Any CPU
		{C249BD8F-CB57-4902-887D-D4ECD506206E}.Release|Any CPU.Deploy.0 = Release|Any CPU
		{C249BD8F-CB57-4902-887D-D4ECD506206E}.Release|ARM.ActiveCfg = Release|Any CPU
		{C249BD8F-CB57-4902-887D-D4ECD506206E}.Release|ARM.Build.0 = Release|Any CPU
		{C249BD8F-CB57-4902-887D-D4ECD506206E}.Release|ARM.Deploy.0 = Release|Any CPU
		{C249BD8F-CB57-4902-887D-D4ECD506206E}.Release|iPhone.ActiveCfg = Release|Any CPU
		{C249BD8F-CB57-4902-887D-D4ECD506206E}.Release|iPhone.Build.0 = Release|Any CPU
		{C249BD8F-CB57-4902-887D-D4ECD506206E}.Release|iPhone.Deploy.0 = Release|Any CPU
		{C249BD8F-CB57-4902-887D-D4ECD506206E}.Release|iPhoneSimulator.ActiveCfg = Release|Any CPU
		{C249BD8F-CB57-4902-887D-D4ECD506206E}.Release|iPhoneSimulator.Build.0 = Release|Any CPU
		{C249BD8F-CB57-4902-887D-D4ECD506206E}.Release|iPhoneSimulator.Deploy.0 = Release|Any CPU
		{C249BD8F-CB57-4902-887D-D4ECD506206E}.Release|x64.ActiveCfg = Release|Any CPU
		{C249BD8F-CB57-4902-887D-D4ECD506206E}.Release|x64.Build.0 = Release|Any CPU
		{C249BD8F-CB57-4902-887D-D4ECD506206E}.Release|x64.Deploy.0 = Release|Any CPU
		{C249BD8F-CB57-4902-887D-D4ECD506206E}.Release|x86.ActiveCfg = Release|Any CPU
		{C249BD8F-CB57-4902-887D-D4ECD506206E}.Release|x86.Build.0 = Release|Any CPU
		{C249BD8F-CB57-4902-887D-D4ECD506206E}.Release|x86.Deploy.0 = Release|Any CPU
		{738644E1-108B-459A-BF93-9373EE84618D}.Debug|Any CPU.ActiveCfg = Debug|iPhoneSimulator
		{738644E1-108B-459A-BF93-9373EE84618D}.Debug|ARM.ActiveCfg = Debug|iPhoneSimulator
		{738644E1-108B-459A-BF93-9373EE84618D}.Debug|iPhone.ActiveCfg = Debug|iPhone
		{738644E1-108B-459A-BF93-9373EE84618D}.Debug|iPhone.Build.0 = Debug|iPhone
		{738644E1-108B-459A-BF93-9373EE84618D}.Debug|iPhoneSimulator.ActiveCfg = Debug|iPhoneSimulator
		{738644E1-108B-459A-BF93-9373EE84618D}.Debug|iPhoneSimulator.Build.0 = Debug|iPhoneSimulator
		{738644E1-108B-459A-BF93-9373EE84618D}.Debug|x64.ActiveCfg = Debug|iPhoneSimulator
		{738644E1-108B-459A-BF93-9373EE84618D}.Debug|x86.ActiveCfg = Debug|iPhoneSimulator
		{738644E1-108B-459A-BF93-9373EE84618D}.Release|Any CPU.ActiveCfg = Release|iPhoneSimulator
		{738644E1-108B-459A-BF93-9373EE84618D}.Release|ARM.ActiveCfg = Release|iPhoneSimulator
		{738644E1-108B-459A-BF93-9373EE84618D}.Release|iPhone.ActiveCfg = Release|iPhone
		{738644E1-108B-459A-BF93-9373EE84618D}.Release|iPhone.Build.0 = Release|iPhone
		{738644E1-108B-459A-BF93-9373EE84618D}.Release|iPhoneSimulator.ActiveCfg = Release|iPhoneSimulator
		{738644E1-108B-459A-BF93-9373EE84618D}.Release|iPhoneSimulator.Build.0 = Release|iPhoneSimulator
		{738644E1-108B-459A-BF93-9373EE84618D}.Release|x64.ActiveCfg = Release|iPhoneSimulator
		{738644E1-108B-459A-BF93-9373EE84618D}.Release|x86.ActiveCfg = Release|iPhoneSimulator
		{826FD27C-64BB-498C-8DE4-E84B59F7C444}.Debug|Any CPU.ActiveCfg = Debug|Any CPU
		{826FD27C-64BB-498C-8DE4-E84B59F7C444}.Debug|Any CPU.Build.0 = Debug|Any CPU
		{826FD27C-64BB-498C-8DE4-E84B59F7C444}.Debug|ARM.ActiveCfg = Debug|Any CPU
		{826FD27C-64BB-498C-8DE4-E84B59F7C444}.Debug|ARM.Build.0 = Debug|Any CPU
		{826FD27C-64BB-498C-8DE4-E84B59F7C444}.Debug|iPhone.ActiveCfg = Debug|Any CPU
		{826FD27C-64BB-498C-8DE4-E84B59F7C444}.Debug|iPhone.Build.0 = Debug|Any CPU
		{826FD27C-64BB-498C-8DE4-E84B59F7C444}.Debug|iPhoneSimulator.ActiveCfg = Debug|Any CPU
		{826FD27C-64BB-498C-8DE4-E84B59F7C444}.Debug|iPhoneSimulator.Build.0 = Debug|Any CPU
		{826FD27C-64BB-498C-8DE4-E84B59F7C444}.Debug|x64.ActiveCfg = Debug|Any CPU
		{826FD27C-64BB-498C-8DE4-E84B59F7C444}.Debug|x64.Build.0 = Debug|Any CPU
		{826FD27C-64BB-498C-8DE4-E84B59F7C444}.Debug|x86.ActiveCfg = Debug|Any CPU
		{826FD27C-64BB-498C-8DE4-E84B59F7C444}.Debug|x86.Build.0 = Debug|Any CPU
		{826FD27C-64BB-498C-8DE4-E84B59F7C444}.Release|Any CPU.ActiveCfg = Release|Any CPU
		{826FD27C-64BB-498C-8DE4-E84B59F7C444}.Release|Any CPU.Build.0 = Release|Any CPU
		{826FD27C-64BB-498C-8DE4-E84B59F7C444}.Release|ARM.ActiveCfg = Release|Any CPU
		{826FD27C-64BB-498C-8DE4-E84B59F7C444}.Release|ARM.Build.0 = Release|Any CPU
		{826FD27C-64BB-498C-8DE4-E84B59F7C444}.Release|iPhone.ActiveCfg = Release|Any CPU
		{826FD27C-64BB-498C-8DE4-E84B59F7C444}.Release|iPhone.Build.0 = Release|Any CPU
		{826FD27C-64BB-498C-8DE4-E84B59F7C444}.Release|iPhoneSimulator.ActiveCfg = Release|Any CPU
		{826FD27C-64BB-498C-8DE4-E84B59F7C444}.Release|iPhoneSimulator.Build.0 = Release|Any CPU
		{826FD27C-64BB-498C-8DE4-E84B59F7C444}.Release|x64.ActiveCfg = Release|Any CPU
		{826FD27C-64BB-498C-8DE4-E84B59F7C444}.Release|x64.Build.0 = Release|Any CPU
		{826FD27C-64BB-498C-8DE4-E84B59F7C444}.Release|x86.ActiveCfg = Release|Any CPU
		{826FD27C-64BB-498C-8DE4-E84B59F7C444}.Release|x86.Build.0 = Release|Any CPU
	EndGlobalSection
	GlobalSection(SolutionProperties) = preSolution
		HideSolutionNode = FALSE
	EndGlobalSection
	GlobalSection(ExtensibilityGlobals) = postSolution
		SolutionGuid = {AF1C0027-E435-4724-BAFF-6C74BFF73ADF}
	EndGlobalSection
EndGlobal
